
Microsoft Visual Studio Solution File, Format Version 12.00
# Visual Studio 15
VisualStudioVersion = 15.0.26730.15
MinimumVisualStudioVersion = 10.0.40219.1
Project("{FAE04EC0-301F-11D3-BF4B-00C04F79EFBC}") = "ConsoleApp2", "ConsoleApp2\ConsoleApp2.csproj", "{108C07CF-5BF1-4724-8043-82219554F711}"
EndProject
Project("{FAE04EC0-301F-11D3-BF4B-00C04F79EFBC}") = "Calculator", "Calculator\Calculator.csproj", "{58A8DFDD-C13C-41AD-9308-60F54C9C5088}"
EndProject
Project("{FAE04EC0-301F-11D3-BF4B-00C04F79EFBC}") = "NumbesGuessingGame", "NumbesGuessingGame\NumbesGuessingGame.csproj", "{67B2E44E-35E4-4EDD-912F-E1C1D41AE8F3}"
EndProject
Project("{FAE04EC0-301F-11D3-BF4B-00C04F79EFBC}") = "test", "test\test.csproj", "{D177755F-F250-4D51-83BC-873E4DD31354}"
EndProject
Project("{FAE04EC0-301F-11D3-BF4B-00C04F79EFBC}") = "todolistapp", "todolistapp\todolistapp.csproj", "{274A1224-0881-49E4-9499-D22D85AFD867}"
EndProject
Global
	GlobalSection(SolutionConfigurationPlatforms) = preSolution
		Debug|Any CPU = Debug|Any CPU
		Release|Any CPU = Release|Any CPU
	EndGlobalSection
	GlobalSection(ProjectConfigurationPlatforms) = postSolution
		{108C07CF-5BF1-4724-8043-82219554F711}.Debug|Any CPU.ActiveCfg = Debug|Any CPU
		{108C07CF-5BF1-4724-8043-82219554F711}.Debug|Any CPU.Build.0 = Debug|Any CPU
		{108C07CF-5BF1-4724-8043-82219554F711}.Release|Any CPU.ActiveCfg = Release|Any CPU
		{108C07CF-5BF1-4724-8043-82219554F711}.Release|Any CPU.Build.0 = Release|Any CPU
		{58A8DFDD-C13C-41AD-9308-60F54C9C5088}.Debug|Any CPU.ActiveCfg = Debug|Any CPU
		{58A8DFDD-C13C-41AD-9308-60F54C9C5088}.Debug|Any CPU.Build.0 = Debug|Any CPU
		{58A8DFDD-C13C-41AD-9308-60F54C9C5088}.Release|Any CPU.ActiveCfg = Release|Any CPU
		{58A8DFDD-C13C-41AD-9308-60F54C9C5088}.Release|Any CPU.Build.0 = Release|Any CPU
		{67B2E44E-35E4-4EDD-912F-E1C1D41AE8F3}.Debug|Any CPU.ActiveCfg = Debug|Any CPU
		{67B2E44E-35E4-4EDD-912F-E1C1D41AE8F3}.Debug|Any CPU.Build.0 = Debug|Any CPU
		{67B2E44E-35E4-4EDD-912F-E1C1D41AE8F3}.Release|Any CPU.ActiveCfg = Release|Any CPU
		{67B2E44E-35E4-4EDD-912F-E1C1D41AE8F3}.Release|Any CPU.Build.0 = Release|Any CPU
		{D177755F-F250-4D51-83BC-873E4DD31354}.Debug|Any CPU.ActiveCfg = Debug|Any CPU
		{D177755F-F250-4D51-83BC-873E4DD31354}.Debug|Any CPU.Build.0 = Debug|Any CPU
		{D177755F-F250-4D51-83BC-873E4DD31354}.Release|Any CPU.ActiveCfg = Release|Any CPU
		{D177755F-F250-4D51-83BC-873E4DD31354}.Release|Any CPU.Build.0 = Release|Any CPU
		{274A1224-0881-49E4-9499-D22D85AFD867}.Debug|Any CPU.ActiveCfg = Debug|Any CPU
		{274A1224-0881-49E4-9499-D22D85AFD867}.Debug|Any CPU.Build.0 = Debug|Any CPU
		{274A1224-0881-49E4-9499-D22D85AFD867}.Release|Any CPU.ActiveCfg = Release|Any CPU
		{274A1224-0881-49E4-9499-D22D85AFD867}.Release|Any CPU.Build.0 = Release|Any CPU
	EndGlobalSection
	GlobalSection(SolutionProperties) = preSolution
		HideSolutionNode = FALSE
	EndGlobalSection
	GlobalSection(ExtensibilityGlobals) = postSolution
		SolutionGuid = {3F43BB71-189F-45F0-B91B-F921B14B22BC}
	EndGlobalSection
EndGlobal
